
Microsoft Visual Studio Solution File, Format Version 12.00
# Visual Studio Version 17
VisualStudioVersion = 17.9.34728.123
MinimumVisualStudioVersion = 10.0.40219.1
Project("{FAE04EC0-301F-11D3-BF4B-00C04F79EFBC}") = "Divisão", "Divisão\Divisão.csproj", "{30578F5F-ABCB-4B42-B112-AFC87038EE9B}"
EndProject
Global
	GlobalSection(SolutionConfigurationPlatforms) = preSolution
		Debug|Any CPU = Debug|Any CPU
		Release|Any CPU = Release|Any CPU
	EndGlobalSection
	GlobalSection(ProjectConfigurationPlatforms) = postSolution
		{30578F5F-ABCB-4B42-B112-AFC87038EE9B}.Debug|Any CPU.ActiveCfg = Debug|Any CPU
		{30578F5F-ABCB-4B42-B112-AFC87038EE9B}.Debug|Any CPU.Build.0 = Debug|Any CPU
		{30578F5F-ABCB-4B42-B112-AFC87038EE9B}.Release|Any CPU.ActiveCfg = Release|Any CPU
		{30578F5F-ABCB-4B42-B112-AFC87038EE9B}.Release|Any CPU.Build.0 = Release|Any CPU
	EndGlobalSection
	GlobalSection(SolutionProperties) = preSolution
		HideSolutionNode = FALSE
	EndGlobalSection
	GlobalSection(ExtensibilityGlobals) = postSolution
		SolutionGuid = {3E9D2DB7-B606-454C-A4CA-6C62D8A74E8F}
	EndGlobalSection
EndGlobal
